
Microsoft Visual Studio Solution File, Format Version 12.00
# Visual Studio Version 17
VisualStudioVersion = 17.1.32319.34
MinimumVisualStudioVersion = 10.0.40219.1
Project("{FAE04EC0-301F-11D3-BF4B-00C04F79EFBC}") = "LapTop", "LapTop\LapTop.csproj", "{0B5E1473-06FC-4106-9BE3-BC9F1FC3A2A3}"
EndProject
Global
	GlobalSection(SolutionConfigurationPlatforms) = preSolution
		Debug|Any CPU = Debug|Any CPU
		Release|Any CPU = Release|Any CPU
	EndGlobalSection
	GlobalSection(ProjectConfigurationPlatforms) = postSolution
		{0B5E1473-06FC-4106-9BE3-BC9F1FC3A2A3}.Debug|Any CPU.ActiveCfg = Debug|Any CPU
		{0B5E1473-06FC-4106-9BE3-BC9F1FC3A2A3}.Debug|Any CPU.Build.0 = Debug|Any CPU
		{0B5E1473-06FC-4106-9BE3-BC9F1FC3A2A3}.Release|Any CPU.ActiveCfg = Release|Any CPU
		{0B5E1473-06FC-4106-9BE3-BC9F1FC3A2A3}.Release|Any CPU.Build.0 = Release|Any CPU
	EndGlobalSection
	GlobalSection(SolutionProperties) = preSolution
		HideSolutionNode = FALSE
	EndGlobalSection
	GlobalSection(ExtensibilityGlobals) = postSolution
		SolutionGuid = {95917E4C-CE3B-491C-9CF1-0473D9CA6366}
	EndGlobalSection
EndGlobal
